
Microsoft Visual Studio Solution File, Format Version 12.00
# Visual Studio 15
VisualStudioVersion = 15.0.26730.16
MinimumVisualStudioVersion = 10.0.40219.1
Project("{FAE04EC0-301F-11D3-BF4B-00C04F79EFBC}") = "DotSquish", "..\SaintCoinach\DotSquish\DotSquish.csproj", "{F9681545-4BEA-4FD3-9AB9-A67BD37AB36D}"
EndProject
Project("{FAE04EC0-301F-11D3-BF4B-00C04F79EFBC}") = "SaintCoinach", "..\SaintCoinach\SaintCoinach\SaintCoinach.csproj", "{8A7D65EB-3DE3-4631-B286-CC73A3126002}"
EndProject
Project("{FAE04EC0-301F-11D3-BF4B-00C04F79EFBC}") = "YamlDotNet", "..\SaintCoinach\YamlDotNet\YamlDotNet.csproj", "{BF32DE1B-6276-4341-B212-F8862ADBBA7A}"
EndProject
Project("{FAE04EC0-301F-11D3-BF4B-00C04F79EFBC}") = "Extractor", "Extractor\Extractor.csproj", "{59CAEB33-4EFE-425C-8EEA-B72275C88029}"
EndProject
Global
	GlobalSection(SolutionConfigurationPlatforms) = preSolution
		Debug|Any CPU = Debug|Any CPU
		Release|Any CPU = Release|Any CPU
		Release-Unsigned|Any CPU = Release-Unsigned|Any CPU
	EndGlobalSection
	GlobalSection(ProjectConfigurationPlatforms) = postSolution
		{F9681545-4BEA-4FD3-9AB9-A67BD37AB36D}.Debug|Any CPU.ActiveCfg = Debug|Any CPU
		{F9681545-4BEA-4FD3-9AB9-A67BD37AB36D}.Debug|Any CPU.Build.0 = Debug|Any CPU
		{F9681545-4BEA-4FD3-9AB9-A67BD37AB36D}.Release|Any CPU.ActiveCfg = Release|Any CPU
		{F9681545-4BEA-4FD3-9AB9-A67BD37AB36D}.Release|Any CPU.Build.0 = Release|Any CPU
		{F9681545-4BEA-4FD3-9AB9-A67BD37AB36D}.Release-Unsigned|Any CPU.ActiveCfg = Release|Any CPU
		{F9681545-4BEA-4FD3-9AB9-A67BD37AB36D}.Release-Unsigned|Any CPU.Build.0 = Release|Any CPU
		{8A7D65EB-3DE3-4631-B286-CC73A3126002}.Debug|Any CPU.ActiveCfg = Debug|Any CPU
		{8A7D65EB-3DE3-4631-B286-CC73A3126002}.Debug|Any CPU.Build.0 = Debug|Any CPU
		{8A7D65EB-3DE3-4631-B286-CC73A3126002}.Release|Any CPU.ActiveCfg = Release|Any CPU
		{8A7D65EB-3DE3-4631-B286-CC73A3126002}.Release|Any CPU.Build.0 = Release|Any CPU
		{8A7D65EB-3DE3-4631-B286-CC73A3126002}.Release-Unsigned|Any CPU.ActiveCfg = Release|Any CPU
		{8A7D65EB-3DE3-4631-B286-CC73A3126002}.Release-Unsigned|Any CPU.Build.0 = Release|Any CPU
		{BF32DE1B-6276-4341-B212-F8862ADBBA7A}.Debug|Any CPU.ActiveCfg = Debug|Any CPU
		{BF32DE1B-6276-4341-B212-F8862ADBBA7A}.Debug|Any CPU.Build.0 = Debug|Any CPU
		{BF32DE1B-6276-4341-B212-F8862ADBBA7A}.Release|Any CPU.ActiveCfg = Release-Unsigned|Any CPU
		{BF32DE1B-6276-4341-B212-F8862ADBBA7A}.Release|Any CPU.Build.0 = Release-Unsigned|Any CPU
		{BF32DE1B-6276-4341-B212-F8862ADBBA7A}.Release-Unsigned|Any CPU.ActiveCfg = Release-Unsigned|Any CPU
		{BF32DE1B-6276-4341-B212-F8862ADBBA7A}.Release-Unsigned|Any CPU.Build.0 = Release-Unsigned|Any CPU
		{59CAEB33-4EFE-425C-8EEA-B72275C88029}.Debug|Any CPU.ActiveCfg = Debug|Any CPU
		{59CAEB33-4EFE-425C-8EEA-B72275C88029}.Debug|Any CPU.Build.0 = Debug|Any CPU
		{59CAEB33-4EFE-425C-8EEA-B72275C88029}.Release|Any CPU.ActiveCfg = Release|Any CPU
		{59CAEB33-4EFE-425C-8EEA-B72275C88029}.Release|Any CPU.Build.0 = Release|Any CPU
		{59CAEB33-4EFE-425C-8EEA-B72275C88029}.Release-Unsigned|Any CPU.ActiveCfg = Release|Any CPU
		{59CAEB33-4EFE-425C-8EEA-B72275C88029}.Release-Unsigned|Any CPU.Build.0 = Release|Any CPU
	EndGlobalSection
	GlobalSection(SolutionProperties) = preSolution
		HideSolutionNode = FALSE
	EndGlobalSection
	GlobalSection(ExtensibilityGlobals) = postSolution
		SolutionGuid = {CA66EFCA-65D5-445B-926B-7685CAA240C4}
	EndGlobalSection
EndGlobal
